
Microsoft Visual Studio Solution File, Format Version 12.00
# Visual Studio 15
VisualStudioVersion = 15.0.26730.3
MinimumVisualStudioVersion = 10.0.40219.1
Project("{9A19103F-16F7-4668-BE54-9A1E7A4F7556}") = "ShmotoActvSync", "ShmotoActvSync\ShmotoActvSync.csproj", "{50D7E4CB-F3BE-4ADC-A55F-57BEA8E2E535}"
EndProject
Project("{FAE04EC0-301F-11D3-BF4B-00C04F79EFBC}") = "ConsoleApp1", "ConsoleApp1\ConsoleApp1.csproj", "{8F6A3352-AEF2-4888-891A-633DE9DC1C61}"
EndProject
Global
	GlobalSection(SolutionConfigurationPlatforms) = preSolution
		Debug|Any CPU = Debug|Any CPU
		Release|Any CPU = Release|Any CPU
	EndGlobalSection
	GlobalSection(ProjectConfigurationPlatforms) = postSolution
		{50D7E4CB-F3BE-4ADC-A55F-57BEA8E2E535}.Debug|Any CPU.ActiveCfg = Debug|Any CPU
		{50D7E4CB-F3BE-4ADC-A55F-57BEA8E2E535}.Debug|Any CPU.Build.0 = Debug|Any CPU
		{50D7E4CB-F3BE-4ADC-A55F-57BEA8E2E535}.Release|Any CPU.ActiveCfg = Release|Any CPU
		{50D7E4CB-F3BE-4ADC-A55F-57BEA8E2E535}.Release|Any CPU.Build.0 = Release|Any CPU
		{8F6A3352-AEF2-4888-891A-633DE9DC1C61}.Debug|Any CPU.ActiveCfg = Debug|Any CPU
		{8F6A3352-AEF2-4888-891A-633DE9DC1C61}.Debug|Any CPU.Build.0 = Debug|Any CPU
		{8F6A3352-AEF2-4888-891A-633DE9DC1C61}.Release|Any CPU.ActiveCfg = Release|Any CPU
		{8F6A3352-AEF2-4888-891A-633DE9DC1C61}.Release|Any CPU.Build.0 = Release|Any CPU
	EndGlobalSection
	GlobalSection(SolutionProperties) = preSolution
		HideSolutionNode = FALSE
	EndGlobalSection
	GlobalSection(ExtensibilityGlobals) = postSolution
		SolutionGuid = {A77E7C1F-A78C-4CE2-8999-E0B97849E79A}
	EndGlobalSection
EndGlobal
